
Microsoft Visual Studio Solution File, Format Version 12.00
# Visual Studio 15
VisualStudioVersion = 15.0.27130.2003
MinimumVisualStudioVersion = 10.0.40219.1
Project("{FAE04EC0-301F-11D3-BF4B-00C04F79EFBC}") = "ValueAndReferenceTypes", "ValueAndReferenceTypes\ValueAndReferenceTypes.csproj", "{92920EF2-DC97-4052-8114-9E01F31FAB0A}"
EndProject
Project("{FAE04EC0-301F-11D3-BF4B-00C04F79EFBC}") = "RefTypeValTypeParams", "RefTypeValTypeParams\RefTypeValTypeParams.csproj", "{C4CC2B1F-CEFF-4B0F-B5FE-E36A1EEAE09D}"
EndProject
Global
	GlobalSection(SolutionConfigurationPlatforms) = preSolution
		Debug|Any CPU = Debug|Any CPU
		Release|Any CPU = Release|Any CPU
	EndGlobalSection
	GlobalSection(ProjectConfigurationPlatforms) = postSolution
		{92920EF2-DC97-4052-8114-9E01F31FAB0A}.Debug|Any CPU.ActiveCfg = Debug|Any CPU
		{92920EF2-DC97-4052-8114-9E01F31FAB0A}.Debug|Any CPU.Build.0 = Debug|Any CPU
		{92920EF2-DC97-4052-8114-9E01F31FAB0A}.Release|Any CPU.ActiveCfg = Release|Any CPU
		{92920EF2-DC97-4052-8114-9E01F31FAB0A}.Release|Any CPU.Build.0 = Release|Any CPU
		{C4CC2B1F-CEFF-4B0F-B5FE-E36A1EEAE09D}.Debug|Any CPU.ActiveCfg = Debug|Any CPU
		{C4CC2B1F-CEFF-4B0F-B5FE-E36A1EEAE09D}.Debug|Any CPU.Build.0 = Debug|Any CPU
		{C4CC2B1F-CEFF-4B0F-B5FE-E36A1EEAE09D}.Release|Any CPU.ActiveCfg = Release|Any CPU
		{C4CC2B1F-CEFF-4B0F-B5FE-E36A1EEAE09D}.Release|Any CPU.Build.0 = Release|Any CPU
	EndGlobalSection
	GlobalSection(SolutionProperties) = preSolution
		HideSolutionNode = FALSE
	EndGlobalSection
	GlobalSection(ExtensibilityGlobals) = postSolution
		SolutionGuid = {E27FFCFC-7695-464C-AA4B-AF79830B4806}
	EndGlobalSection
EndGlobal
